// !$*UTF8*$!
{
	archiveVersion = 1;
	classes = {
	};
	objectVersion = 55;
	objects = {

/* Begin PBXBuildFile section */
		227D50AE27BBE5080017F2B8 /* AppDelegate.swift in Sources */ = {isa = PBXBuildFile; fileRef = 227D50AD27BBE5080017F2B8 /* AppDelegate.swift */; };
		227D50B027BBE5080017F2B8 /* SceneDelegate.swift in Sources */ = {isa = PBXBuildFile; fileRef = 227D50AF27BBE5080017F2B8 /* SceneDelegate.swift */; };
		227D50B227BBE5080017F2B8 /* ViewController.swift in Sources */ = {isa = PBXBuildFile; fileRef = 227D50B127BBE5080017F2B8 /* ViewController.swift */; };
		227D50B527BBE5080017F2B8 /* Main.storyboard in Resources */ = {isa = PBXBuildFile; fileRef = 227D50B327BBE5080017F2B8 /* Main.storyboard */; };
		227D50B827BBE5080017F2B8 /* InstaSign.xcdatamodeld in Sources */ = {isa = PBXBuildFile; fileRef = 227D50B627BBE5080017F2B8 /* InstaSign.xcdatamodeld */; };
		227D50BA27BBE50B0017F2B8 /* Assets.xcassets in Resources */ = {isa = PBXBuildFile; fileRef = 227D50B927BBE50B0017F2B8 /* Assets.xcassets */; };
		227D50BD27BBE50B0017F2B8 /* LaunchScreen.storyboard in Resources */ = {isa = PBXBuildFile; fileRef = 227D50BB27BBE50B0017F2B8 /* LaunchScreen.storyboard */; };
		227D50C727BBE59B0017F2B8 /* SignInViewController.swift in Sources */ = {isa = PBXBuildFile; fileRef = 227D50C527BBE59B0017F2B8 /* SignInViewController.swift */; };
		227D50C827BBE59B0017F2B8 /* SignInViewController.xib in Resources */ = {isa = PBXBuildFile; fileRef = 227D50C627BBE59B0017F2B8 /* SignInViewController.xib */; };
		227D50CB27BBE5AE0017F2B8 /* SignUpViewController.swift in Sources */ = {isa = PBXBuildFile; fileRef = 227D50C927BBE5AE0017F2B8 /* SignUpViewController.swift */; };
		227D50CC27BBE5AE0017F2B8 /* SignUpViewController.xib in Resources */ = {isa = PBXBuildFile; fileRef = 227D50CA27BBE5AE0017F2B8 /* SignUpViewController.xib */; };
		227D50CE27BBE5C40017F2B8 /* BaseViewController.swift in Sources */ = {isa = PBXBuildFile; fileRef = 227D50CD27BBE5C40017F2B8 /* BaseViewController.swift */; };
		227D50D127C0BFC70017F2B8 /* HomeViewController.swift in Sources */ = {isa = PBXBuildFile; fileRef = 227D50CF27C0BFC70017F2B8 /* HomeViewController.swift */; };
		227D50D227C0BFC70017F2B8 /* HomeViewController.xib in Resources */ = {isa = PBXBuildFile; fileRef = 227D50D027C0BFC70017F2B8 /* HomeViewController.xib */; };
/* End PBXBuildFile section */

/* Begin PBXFileReference section */
		227D50AA27BBE5080017F2B8 /* InstaSign.app */ = {isa = PBXFileReference; explicitFileType = wrapper.application; includeInIndex = 0; path = InstaSign.app; sourceTree = BUILT_PRODUCTS_DIR; };
		227D50AD27BBE5080017F2B8 /* AppDelegate.swift */ = {isa = PBXFileReference; lastKnownFileType = sourcecode.swift; path = AppDelegate.swift; sourceTree = "<group>"; };
		227D50AF27BBE5080017F2B8 /* SceneDelegate.swift */ = {isa = PBXFileReference; lastKnownFileType = sourcecode.swift; path = SceneDelegate.swift; sourceTree = "<group>"; };
		227D50B127BBE5080017F2B8 /* ViewController.swift */ = {isa = PBXFileReference; lastKnownFileType = sourcecode.swift; path = ViewController.swift; sourceTree = "<group>"; };
		227D50B427BBE5080017F2B8 /* Base */ = {isa = PBXFileReference; lastKnownFileType = file.storyboard; name = Base; path = Base.lproj/Main.storyboard; sourceTree = "<group>"; };
		227D50B727BBE5080017F2B8 /* InstaSign.xcdatamodel */ = {isa = PBXFileReference; lastKnownFileType = wrapper.xcdatamodel; path = InstaSign.xcdatamodel; sourceTree = "<group>"; };
		227D50B927BBE50B0017F2B8 /* Assets.xcassets */ = {isa = PBXFileReference; lastKnownFileType = folder.assetcatalog; path = Assets.xcassets; sourceTree = "<group>"; };
		227D50BC27BBE50B0017F2B8 /* Base */ = {isa = PBXFileReference; lastKnownFileType = file.storyboard; name = Base; path = Base.lproj/LaunchScreen.storyboard; sourceTree = "<group>"; };
		227D50BE27BBE50B0017F2B8 /* Info.plist */ = {isa = PBXFileReference; lastKnownFileType = text.plist.xml; path = Info.plist; sourceTree = "<group>"; };
		227D50C527BBE59B0017F2B8 /* SignInViewController.swift */ = {isa = PBXFileReference; lastKnownFileType = sourcecode.swift; path = SignInViewController.swift; sourceTree = "<group>"; };
		227D50C627BBE59B0017F2B8 /* SignInViewController.xib */ = {isa = PBXFileReference; lastKnownFileType = file.xib; path = SignInViewController.xib; sourceTree = "<group>"; };
		227D50C927BBE5AE0017F2B8 /* SignUpViewController.swift */ = {isa = PBXFileReference; lastKnownFileType = sourcecode.swift; path = SignUpViewController.swift; sourceTree = "<group>"; };
		227D50CA27BBE5AE0017F2B8 /* SignUpViewController.xib */ = {isa = PBXFileReference; lastKnownFileType = file.xib; path = SignUpViewController.xib; sourceTree = "<group>"; };
		227D50CD27BBE5C40017F2B8 /* BaseViewController.swift */ = {isa = PBXFileReference; lastKnownFileType = sourcecode.swift; path = BaseViewController.swift; sourceTree = "<group>"; };
		227D50CF27C0BFC70017F2B8 /* HomeViewController.swift */ = {isa = PBXFileReference; lastKnownFileType = sourcecode.swift; path = HomeViewController.swift; sourceTree = "<group>"; };
		227D50D027C0BFC70017F2B8 /* HomeViewController.xib */ = {isa = PBXFileReference; lastKnownFileType = file.xib; path = HomeViewController.xib; sourceTree = "<group>"; };
/* End PBXFileReference section */

/* Begin PBXFrameworksBuildPhase section */
		227D50A727BBE5080017F2B8 /* Frameworks */ = {
			isa = PBXFrameworksBuildPhase;
			buildActionMask = 2147483647;
			files = (
			);
			runOnlyForDeploymentPostprocessing = 0;
		};
/* End PBXFrameworksBuildPhase section */

/* Begin PBXGroup section */
		227D50A127BBE5080017F2B8 = {
			isa = PBXGroup;
			children = (
				227D50AC27BBE5080017F2B8 /* InstaSign */,
				227D50AB27BBE5080017F2B8 /* Products */,
			);
			sourceTree = "<group>";
		};
		227D50AB27BBE5080017F2B8 /* Products */ = {
			isa = PBXGroup;
			children = (
				227D50AA27BBE5080017F2B8 /* InstaSign.app */,
			);
			name = Products;
			sourceTree = "<group>";
		};
		227D50AC27BBE5080017F2B8 /* InstaSign */ = {
			isa = PBXGroup;
			children = (
				227D50C427BBE5180017F2B8 /* Controllers */,
				227D50AD27BBE5080017F2B8 /* AppDelegate.swift */,
				227D50AF27BBE5080017F2B8 /* SceneDelegate.swift */,
				227D50B127BBE5080017F2B8 /* ViewController.swift */,
				227D50B327BBE5080017F2B8 /* Main.storyboard */,
				227D50B927BBE50B0017F2B8 /* Assets.xcassets */,
				227D50BB27BBE50B0017F2B8 /* LaunchScreen.storyboard */,
				227D50BE27BBE50B0017F2B8 /* Info.plist */,
				227D50B627BBE5080017F2B8 /* InstaSign.xcdatamodeld */,
			);
			path = InstaSign;
			sourceTree = "<group>";
		};
		227D50C427BBE5180017F2B8 /* Controllers */ = {
			isa = PBXGroup;
			children = (
				227D50CD27BBE5C40017F2B8 /* BaseViewController.swift */,
				227D50C527BBE59B0017F2B8 /* SignInViewController.swift */,
				227D50C627BBE59B0017F2B8 /* SignInViewController.xib */,
				227D50C927BBE5AE0017F2B8 /* SignUpViewController.swift */,
				227D50CA27BBE5AE0017F2B8 /* SignUpViewController.xib */,
				227D50CF27C0BFC70017F2B8 /* HomeViewController.swift */,
				227D50D027C0BFC70017F2B8 /* HomeViewController.xib */,
			);
			path = Controllers;
			sourceTree = "<group>";
		};
/* End PBXGroup section */

/* Begin PBXNativeTarget section */
		227D50A927BBE5080017F2B8 /* InstaSign */ = {
			isa = PBXNativeTarget;
			buildConfigurationList = 227D50C127BBE50B0017F2B8 /* Build configuration list for PBXNativeTarget "InstaSign" */;
			buildPhases = (
				227D50A627BBE5080017F2B8 /* Sources */,
				227D50A727BBE5080017F2B8 /* Frameworks */,
				227D50A827BBE5080017F2B8 /* Resources */,
			);
			buildRules = (
			);
			dependencies = (
			);
			name = InstaSign;
			productName = InstaSign;
			productReference = 227D50AA27BBE5080017F2B8 /* InstaSign.app */;
			productType = "com.apple.product-type.application";
		};
/* End PBXNativeTarget section */

/* Begin PBXProject section */
		227D50A227BBE5080017F2B8 /* Project object */ = {
			isa = PBXProject;
			attributes = {
				BuildIndependentTargetsInParallel = 1;
				LastSwiftUpdateCheck = 1320;
				LastUpgradeCheck = 1320;
				TargetAttributes = {
					227D50A927BBE5080017F2B8 = {
						CreatedOnToolsVersion = 13.2.1;
					};
				};
			};
			buildConfigurationList = 227D50A527BBE5080017F2B8 /* Build configuration list for PBXProject "InstaSign" */;
			compatibilityVersion = "Xcode 13.0";
			developmentRegion = en;
			hasScannedForEncodings = 0;
			knownRegions = (
				en,
				Base,
			);
			mainGroup = 227D50A127BBE5080017F2B8;
			productRefGroup = 227D50AB27BBE5080017F2B8 /* Products */;
			projectDirPath = "";
			projectRoot = "";
			targets = (
				227D50A927BBE5080017F2B8 /* InstaSign */,
			);
		};
/* End PBXProject section */

/* Begin PBXResourcesBuildPhase section */
		227D50A827BBE5080017F2B8 /* Resources */ = {
			isa = PBXResourcesBuildPhase;
			buildActionMask = 2147483647;
			files = (
				227D50CC27BBE5AE0017F2B8 /* SignUpViewController.xib in Resources */,
				227D50C827BBE59B0017F2B8 /* SignInViewController.xib in Resources */,
				227D50BD27BBE50B0017F2B8 /* LaunchScreen.storyboard in Resources */,
				227D50BA27BBE50B0017F2B8 /* Assets.xcassets in Resources */,
				227D50B527BBE5080017F2B8 /* Main.storyboard in Resources */,
				227D50D227C0BFC70017F2B8 /* HomeViewController.xib in Resources */,
			);
			runOnlyForDeploymentPostprocessing = 0;
		};
/* End PBXResourcesBuildPhase section */

/* Begin PBXSourcesBuildPhase section */
		227D50A627BBE5080017F2B8 /* Sources */ = {
			isa = PBXSourcesBuildPhase;
			buildActionMask = 2147483647;
			files = (
				227D50CB27BBE5AE0017F2B8 /* SignUpViewController.swift in Sources */,
				227D50B227BBE5080017F2B8 /* ViewController.swift in Sources */,
				227D50AE27BBE5080017F2B8 /* AppDelegate.swift in Sources */,
				227D50D127C0BFC70017F2B8 /* HomeViewController.swift in Sources */,
				227D50B827BBE5080017F2B8 /* InstaSign.xcdatamodeld in Sources */,
				227D50C727BBE59B0017F2B8 /* SignInViewController.swift in Sources */,
				227D50CE27BBE5C40017F2B8 /* BaseViewController.swift in Sources */,
				227D50B027BBE5080017F2B8 /* SceneDelegate.swift in Sources */,
			);
			runOnlyForDeploymentPostprocessing = 0;
		};
/* End PBXSourcesBuildPhase section */

/* Begin PBXVariantGroup section */
		227D50B327BBE5080017F2B8 /* Main.storyboard */ = {
			isa = PBXVariantGroup;
			children = (
				227D50B427BBE5080017F2B8 /* Base */,
			);
			name = Main.storyboard;
			sourceTree = "<group>";
		};
		227D50BB27BBE50B0017F2B8 /* LaunchScreen.storyboard */ = {
			isa = PBXVariantGroup;
			children = (
				227D50BC27BBE50B0017F2B8 /* Base */,
			);
			name = LaunchScreen.storyboard;
			sourceTree = "<group>";
		};
/* End PBXVariantGroup section */

/* Begin XCBuildConfiguration section */
		227D50BF27BBE50B0017F2B8 /* Debug */ = {
			isa = XCBuildConfiguration;
			buildSettings = {
				ALWAYS_SEARCH_USER_PATHS = NO;
				CLANG_ANALYZER_NONNULL = YES;
				CLANG_ANALYZER_NUMBER_OBJECT_CONVERSION = YES_AGGRESSIVE;
				CLANG_CXX_LANGUAGE_STANDARD = "gnu++17";
				CLANG_CXX_LIBRARY = "libc++";
				CLANG_ENABLE_MODULES = YES;
				CLANG_ENABLE_OBJC_ARC = YES;
				CLANG_ENABLE_OBJC_WEAK = YES;
				CLANG_WARN_BLOCK_CAPTURE_AUTORELEASING = YES;
				CLANG_WARN_BOOL_CONVERSION = YES;
				CLANG_WARN_COMMA = YES;
				CLANG_WARN_CONSTANT_CONVERSION = YES;
				CLANG_WARN_DEPRECATED_OBJC_IMPLEMENTATIONS = YES;
				CLANG_WARN_DIRECT_OBJC_ISA_USAGE = YES_ERROR;
				CLANG_WARN_DOCUMENTATION_COMMENTS = YES;
				CLANG_WARN_EMPTY_BODY = YES;
				CLANG_WARN_ENUM_CONVERSION = YES;
				CLANG_WARN_INFINITE_RECURSION = YES;
				CLANG_WARN_INT_CONVERSION = YES;
				CLANG_WARN_NON_LITERAL_NULL_CONVERSION = YES;
				CLANG_WARN_OBJC_IMPLICIT_RETAIN_SELF = YES;
				CLANG_WARN_OBJC_LITERAL_CONVERSION = YES;
				CLANG_WARN_OBJC_ROOT_CLASS = YES_ERROR;
				CLANG_WARN_QUOTED_INCLUDE_IN_FRAMEWORK_HEADER = YES;
				CLANG_WARN_RANGE_LOOP_ANALYSIS = YES;
				CLANG_WARN_STRICT_PROTOTYPES = YES;
				CLANG_WARN_SUSPICIOUS_MOVE = YES;
				CLANG_WARN_UNGUARDED_AVAILABILITY = YES_AGGRESSIVE;
				CLANG_WARN_UNREACHABLE_CODE = YES;
				CLANG_WARN__DUPLICATE_METHOD_MATCH = YES;
				COPY_PHASE_STRIP = NO;
				DEBUG_INFORMATION_FORMAT = dwarf;
				ENABLE_STRICT_OBJC_MSGSEND = YES;
				ENABLE_TESTABILITY = YES;
				GCC_C_LANGUAGE_STANDARD = gnu11;
				GCC_DYNAMIC_NO_PIC = NO;
				GCC_NO_COMMON_BLOCKS = YES;
				GCC_OPTIMIZATION_LEVEL = 0;
				GCC_PREPROCESSOR_DEFINITIONS = (
					"DEBUG=1",
					"$(inherited)",
				);
				GCC_WARN_64_TO_32_BIT_CONVERSION = YES;
				GCC_WARN_ABOUT_RETURN_TYPE = YES_ERROR;
				GCC_WARN_UNDECLARED_SELECTOR = YES;
				GCC_WARN_UNINITIALIZED_AUTOS = YES_AGGRESSIVE;
				GCC_WARN_UNUSED_FUNCTION = YES;
				GCC_WARN_UNUSED_VARIABLE = YES;
				IPHONEOS_DEPLOYMENT_TARGET = 15.2;
				MTL_ENABLE_DEBUG_INFO = INCLUDE_SOURCE;
				MTL_FAST_MATH = YES;
				ONLY_ACTIVE_ARCH = YES;
				SDKROOT = iphoneos;
				SWIFT_ACTIVE_COMPILATION_CONDITIONS = DEBUG;
				SWIFT_OPTIMIZATION_LEVEL = "-Onone";
			};
			name = Debug;
		};
		227D50C027BBE50B0017F2B8 /* Release */ = {
			isa = XCBuildConfiguration;
			buildSettings = {
				ALWAYS_SEARCH_USER_PATHS = NO;
				CLANG_ANALYZER_NONNULL = YES;
				CLANG_ANALYZER_NUMBER_OBJECT_CONVERSION = YES_AGGRESSIVE;
				CLANG_CXX_LANGUAGE_STANDARD = "gnu++17";
				CLANG_CXX_LIBRARY = "libc++";
				CLANG_ENABLE_MODULES = YES;
				CLANG_ENABLE_OBJC_ARC = YES;
				CLANG_ENABLE_OBJC_WEAK = YES;
				CLANG_WARN_BLOCK_CAPTURE_AUTORELEASING = YES;
				CLANG_WARN_BOOL_CONVERSION = YES;
				CLANG_WARN_COMMA = YES;
				CLANG_WARN_CONSTANT_CONVERSION = YES;
				CLANG_WARN_DEPRECATED_OBJC_IMPLEMENTATIONS = YES;
				CLANG_WARN_DIRECT_OBJC_ISA_USAGE = YES_ERROR;
				CLANG_WARN_DOCUMENTATION_COMMENTS = YES;
				CLANG_WARN_EMPTY_BODY = YES;
				CLANG_WARN_ENUM_CONVERSION = YES;
				CLANG_WARN_INFINITE_RECURSION = YES;
				CLANG_WARN_INT_CONVERSION = YES;
				CLANG_WARN_NON_LITERAL_NULL_CONVERSION = YES;
				CLANG_WARN_OBJC_IMPLICIT_RETAIN_SELF = YES;
				CLANG_WARN_OBJC_LITERAL_CONVERSION = YES;
				CLANG_WARN_OBJC_ROOT_CLASS = YES_ERROR;
				CLANG_WARN_QUOTED_INCLUDE_IN_FRAMEWORK_HEADER = YES;
				CLANG_WARN_RANGE_LOOP_ANALYSIS = YES;
				CLANG_WARN_STRICT_PROTOTYPES = YES;
				CLANG_WARN_SUSPICIOUS_MOVE = YES;
				CLANG_WARN_UNGUARDED_AVAILABILITY = YES_AGGRESSIVE;
				CLANG_WARN_UNREACHABLE_CODE = YES;
				CLANG_WARN__DUPLICATE_METHOD_MATCH = YES;
				COPY_PHASE_STRIP = NO;
				DEBUG_INFORMATION_FORMAT = "dwarf-with-dsym";
				ENABLE_NS_ASSERTIONS = NO;
				ENABLE_STRICT_OBJC_MSGSEND = YES;
				GCC_C_LANGUAGE_STANDARD = gnu11;
				GCC_NO_COMMON_BLOCKS = YES;
				GCC_WARN_64_TO_32_BIT_CONVERSION = YES;
				GCC_WARN_ABOUT_RETURN_TYPE = YES_ERROR;
				GCC_WARN_UNDECLARED_SELECTOR = YES;
				GCC_WARN_UNINITIALIZED_AUTOS = YES_AGGRESSIVE;
				GCC_WARN_UNUSED_FUNCTION = YES;
				GCC_WARN_UNUSED_VARIABLE = YES;
				IPHONEOS_DEPLOYMENT_TARGET = 15.2;
				MTL_ENABLE_DEBUG_INFO = NO;
				MTL_FAST_MATH = YES;
				SDKROOT = iphoneos;
				SWIFT_COMPILATION_MODE = wholemodule;
				SWIFT_OPTIMIZATION_LEVEL = "-O";
				VALIDATE_PRODUCT = YES;
			};
			name = Release;
		};
		227D50C227BBE50B0017F2B8 /* Debug */ = {
			isa = XCBuildConfiguration;
			buildSettings = {
				ASSETCATALOG_COMPILER_APPICON_NAME = AppIcon;
				ASSETCATALOG_COMPILER_GLOBAL_ACCENT_COLOR_NAME = AccentColor;
				CODE_SIGN_STYLE = Automatic;
				CURRENT_PROJECT_VERSION = 1;
				GENERATE_INFOPLIST_FILE = YES;
				INFOPLIST_FILE = InstaSign/Info.plist;
				INFOPLIST_KEY_UIApplicationSupportsIndirectInputEvents = YES;
				INFOPLIST_KEY_UILaunchStoryboardName = LaunchScreen;
				INFOPLIST_KEY_UIMainStoryboardFile = Main;
				INFOPLIST_KEY_UISupportedInterfaceOrientations_iPad = "UIInterfaceOrientationPortrait UIInterfaceOrientationPortraitUpsideDown UIInterfaceOrientationLandscapeLeft UIInterfaceOrientationLandscapeRight";
				INFOPLIST_KEY_UISupportedInterfaceOrientations_iPhone = "UIInterfaceOrientationPortrait UIInterfaceOrientationLandscapeLeft UIInterfaceOrientationLandscapeRight";
				LD_RUNPATH_SEARCH_PATHS = (
					"$(inherited)",
					"@executable_path/Frameworks",
				);
				MARKETING_VERSION = 1.0;
				PRODUCT_BUNDLE_IDENTIFIER = my.InstaSign;
				PRODUCT_NAME = "$(TARGET_NAME)";
				SWIFT_EMIT_LOC_STRINGS = YES;
				SWIFT_VERSION = 5.0;
				TARGETED_DEVICE_FAMILY = "1,2";
			};
			name = Debug;
		};
		227D50C327BBE50B0017F2B8 /* Release */ = {
			isa = XCBuildConfiguration;
			buildSettings = {
				ASSETCATALOG_COMPILER_APPICON_NAME = AppIcon;
				ASSETCATALOG_COMPILER_GLOBAL_ACCENT_COLOR_NAME = AccentColor;
				CODE_SIGN_STYLE = Automatic;
				CURRENT_PROJECT_VERSION = 1;
				GENERATE_INFOPLIST_FILE = YES;
				INFOPLIST_FILE = InstaSign/Info.plist;
				INFOPLIST_KEY_UIApplicationSupportsIndirectInputEvents = YES;
				INFOPLIST_KEY_UILaunchStoryboardName = LaunchScreen;
				INFOPLIST_KEY_UIMainStoryboardFile = Main;
				INFOPLIST_KEY_UISupportedInterfaceOrientations_iPad = "UIInterfaceOrientationPortrait UIInterfaceOrientationPortraitUpsideDown UIInterfaceOrientationLandscapeLeft UIInterfaceOrientationLandscapeRight";
				INFOPLIST_KEY_UISupportedInterfaceOrientations_iPhone = "UIInterfaceOrientationPortrait UIInterfaceOrientationLandscapeLeft UIInterfaceOrientationLandscapeRight";
				LD_RUNPATH_SEARCH_PATHS = (
					"$(inherited)",
					"@executable_path/Frameworks",
				);
				MARKETING_VERSION = 1.0;
				PRODUCT_BUNDLE_IDENTIFIER = my.InstaSign;
				PRODUCT_NAME = "$(TARGET_NAME)";
				SWIFT_EMIT_LOC_STRINGS = YES;
				SWIFT_VERSION = 5.0;
				TARGETED_DEVICE_FAMILY = "1,2";
			};
			name = Release;
		};
/* End XCBuildConfiguration section */

/* Begin XCConfigurationList section */
		227D50A527BBE5080017F2B8 /* Build configuration list for PBXProject "InstaSign" */ = {
			isa = XCConfigurationList;
			buildConfigurations = (
				227D50BF27BBE50B0017F2B8 /* Debug */,
				227D50C027BBE50B0017F2B8 /* Release */,
			);
			defaultConfigurationIsVisible = 0;
			defaultConfigurationName = Release;
		};
		227D50C127BBE50B0017F2B8 /* Build configuration list for PBXNativeTarget "InstaSign" */ = {
			isa = XCConfigurationList;
			buildConfigurations = (
				227D50C227BBE50B0017F2B8 /* Debug */,
				227D50C327BBE50B0017F2B8 /* Release */,
			);
			defaultConfigurationIsVisible = 0;
			defaultConfigurationName = Release;
		};
/* End XCConfigurationList section */

/* Begin XCVersionGroup section */
		227D50B627BBE5080017F2B8 /* InstaSign.xcdatamodeld */ = {
			isa = XCVersionGroup;
			children = (
				227D50B727BBE5080017F2B8 /* InstaSign.xcdatamodel */,
			);
			currentVersion = 227D50B727BBE5080017F2B8 /* InstaSign.xcdatamodel */;
			path = InstaSign.xcdatamodeld;
			sourceTree = "<group>";
			versionGroupType = wrapper.xcdatamodel;
		};
/* End XCVersionGroup section */
	};
	rootObject = 227D50A227BBE5080017F2B8 /* Project object */;
}
